
Microsoft Visual Studio Solution File, Format Version 12.00
# Visual Studio Version 16
VisualStudioVersion = 16.0.31005.135
MinimumVisualStudioVersion = 10.0.40219.1
Project("{9A19103F-16F7-4668-BE54-9A1E7A4F7556}") = "CarDealer", "CarDealer.csproj", "{3FD92F7B-C052-4502-B939-B066B9572AEB}"
EndProject
Global
	GlobalSection(SolutionConfigurationPlatforms) = preSolution
		Debug|Any CPU = Debug|Any CPU
		Release|Any CPU = Release|Any CPU
	EndGlobalSection
	GlobalSection(ProjectConfigurationPlatforms) = postSolution
		{3FD92F7B-C052-4502-B939-B066B9572AEB}.Debug|Any CPU.ActiveCfg = Debug|Any CPU
		{3FD92F7B-C052-4502-B939-B066B9572AEB}.Debug|Any CPU.Build.0 = Debug|Any CPU
		{3FD92F7B-C052-4502-B939-B066B9572AEB}.Release|Any CPU.ActiveCfg = Release|Any CPU
		{3FD92F7B-C052-4502-B939-B066B9572AEB}.Release|Any CPU.Build.0 = Release|Any CPU
	EndGlobalSection
	GlobalSection(SolutionProperties) = preSolution
		HideSolutionNode = FALSE
	EndGlobalSection
	GlobalSection(ExtensibilityGlobals) = postSolution
		SolutionGuid = {618D34C5-03A2-42AD-AAEA-6B8F650B4991}
	EndGlobalSection
EndGlobal
